[[tools.lefthook]]
version = "2.1.1"
backend = "aqua:evilmartians/lefthook"
"platforms.linux-arm64" = { checksum = "sha256:46907f78fa64de6d47e4f4c6b80f9ad246a09c67262c00ba5a32c74217d7f5ea", url = "https://github.com/evilmartians/lefthook/releases/download/v2.1.1/lefthook_2.1.1_Linux_aarch64.gz"}
"platforms.linux-x64" = { checksum = "sha256:5d29942bb5954c59d67d8c37184411034e576ed2829e22b0a6d88bba934e4fbb", url = "https://github.com/evilmartians/lefthook/releases/download/v2.1.1/lefthook_2.1.1_Linux_x86_64.gz"}
"platforms.macos-arm64" = { checksum = "sha256:efe16a83824d2fc0f95719102045263b0f6d61d3c998442a12763c285f8b49bc", url = "https://github.com/evilmartians/lefthook/releases/download/v2.1.1/lefthook_2.1.1_MacOS_arm64.gz"}
"platforms.macos-x64" = { checksum = "sha256:a73e790b9e7b7bc13810cb9f7d7945462f899165c25d14f39bc31d9a70427638", url = "https://github.com/evilmartians/lefthook/releases/download/v2.1.1/lefthook_2.1.1_MacOS_x86_64.gz"}
"platforms.windows-x64" = { checksum = "sha256:ac26892266ce98066c469d2db7feafe067009b9cff85786dae7605cf3be0db50", url = "https://github.com/evilmartians/lefthook/releases/download/v2.1.1/lefthook_2.1.1_Windows_x86_64.gz"}

[[tools.node]]
version = "24.13.1"
backend = "core:node"
"platforms.linux-arm64" = { checksum = "sha256:4873459d7c9b28feaa1f0fade9bb9c81cb702670991ff80a51d805325c5e3456", url = "https://nodejs.org/dist/v24.13.1/node-v24.13.1-linux-arm64.tar.gz"}
"platforms.linux-x64" = { checksum = "sha256:7ad28fb172a9ab0593f86c1a39e5c268d0d8fc3d6cb0167f455b5655a7a6e2fd", url = "https://nodejs.org/dist/v24.13.1/node-v24.13.1-linux-x64.tar.gz"}
"platforms.macos-arm64" = { checksum = "sha256:8c039d59f2fec6195e4281ad5b0d02b9a940897b4df7b849c6fb48be6787bba6", url = "https://nodejs.org/dist/v24.13.1/node-v24.13.1-darwin-arm64.tar.gz"}
"platforms.macos-x64" = { checksum = "sha256:527f0578d9812e7dfa225121bda0b1546a6a0e4b5f556295fc8299c272de5fbf", url = "https://nodejs.org/dist/v24.13.1/node-v24.13.1-darwin-x64.tar.gz"}
"platforms.windows-x64" = { checksum = "sha256:fba577c4bb87df04d54dd87bbdaa5a2272f1f99a2acbf9152e1a91b8b5f0b279", url = "https://nodejs.org/dist/v24.13.1/node-v24.13.1-win-x64.zip"}

[[tools."npm:conventional-changelog-cli"]]
version = "5.0.0"
backend = "npm:conventional-changelog-cli"

[[tools.pnpm]]
version = "10.30.1"
backend = "aqua:pnpm/pnpm"
"platforms.linux-arm64" = { checksum = "sha256:f6bd5a8b99543511421a0e77935c93b744feaa2e65fdd91969f966460f6b6f5a", url = "https://github.com/pnpm/pnpm/releases/download/v10.30.1/pnpm-linux-arm64"}
"platforms.linux-x64" = { checksum = "sha256:44584d1bf4964eab9117484bbac165279f5584d743b98dfddb72f2cde5caff92", url = "https://github.com/pnpm/pnpm/releases/download/v10.30.1/pnpm-linux-x64"}
"platforms.macos-arm64" = { checksum = "sha256:7e57b4360219735b3a62542cb508ba5b1759a604c74eab75748da4c1eaf567e9", url = "https://github.com/pnpm/pnpm/releases/download/v10.30.1/pnpm-macos-arm64"}
"platforms.macos-x64" = { checksum = "sha256:14e3f5fc6117cbcaf6ee8852e616b6a5a63136583b749163d524ded0d4a29751", url = "https://github.com/pnpm/pnpm/releases/download/v10.30.1/pnpm-macos-x64"}
"platforms.windows-x64" = { checksum = "sha256:aca8d8a4adbceeb11aa63af84d12203850b282677fd5babb09dd15ac194d948f", url = "https://github.com/pnpm/pnpm/releases/download/v10.30.1/pnpm-win-x64.exe"}
